
Microsoft Visual Studio Solution File, Format Version 12.00
# Visual Studio Version 17
VisualStudioVersion = 17.13.35825.156 d17.13
MinimumVisualStudioVersion = 10.0.40219.1
Project("{FAE04EC0-301F-11D3-BF4B-00C04F79EFBC}") = "WPFCurrencyConverterVs2", "WPFCurrencyConverterVs2.csproj", "{7BB8E514-5DAD-4E63-8630-2F47DAE1451E}"
EndProject
Global
	GlobalSection(SolutionConfigurationPlatforms) = preSolution
		Debug|Any CPU = Debug|Any CPU
		Release|Any CPU = Release|Any CPU
	EndGlobalSection
	GlobalSection(ProjectConfigurationPlatforms) = postSolution
		{7BB8E514-5DAD-4E63-8630-2F47DAE1451E}.Debug|Any CPU.ActiveCfg = Debug|Any CPU
		{7BB8E514-5DAD-4E63-8630-2F47DAE1451E}.Debug|Any CPU.Build.0 = Debug|Any CPU
		{7BB8E514-5DAD-4E63-8630-2F47DAE1451E}.Release|Any CPU.ActiveCfg = Release|Any CPU
		{7BB8E514-5DAD-4E63-8630-2F47DAE1451E}.Release|Any CPU.Build.0 = Release|Any CPU
	EndGlobalSection
	GlobalSection(SolutionProperties) = preSolution
		HideSolutionNode = FALSE
	EndGlobalSection
	GlobalSection(ExtensibilityGlobals) = postSolution
		SolutionGuid = {59A2B149-8A2E-48C2-A5F7-7946A06A5B61}
	EndGlobalSection
EndGlobal
